
Microsoft Visual Studio Solution File, Format Version 12.00
# Visual Studio Version 16
VisualStudioVersion = 16.0.30804.86
MinimumVisualStudioVersion = 10.0.40219.1
Project("{9A19103F-16F7-4668-BE54-9A1E7A4F7556}") = "admin", "admin\admin.csproj", "{BC7F2183-F236-455C-839B-E3BD4930F4B2}"
EndProject
Project("{FAE04EC0-301F-11D3-BF4B-00C04F79EFBC}") = "data", "data\data.csproj", "{70CDA402-4204-433A-BD0B-550EECA8FC29}"
EndProject
Global
	GlobalSection(SolutionConfigurationPlatforms) = preSolution
		Debug|Any CPU = Debug|Any CPU
		Release|Any CPU = Release|Any CPU
	EndGlobalSection
	GlobalSection(ProjectConfigurationPlatforms) = postSolution
		{BC7F2183-F236-455C-839B-E3BD4930F4B2}.Debug|Any CPU.ActiveCfg = Debug|Any CPU
		{BC7F2183-F236-455C-839B-E3BD4930F4B2}.Debug|Any CPU.Build.0 = Debug|Any CPU
		{BC7F2183-F236-455C-839B-E3BD4930F4B2}.Release|Any CPU.ActiveCfg = Release|Any CPU
		{BC7F2183-F236-455C-839B-E3BD4930F4B2}.Release|Any CPU.Build.0 = Release|Any CPU
		{70CDA402-4204-433A-BD0B-550EECA8FC29}.Debug|Any CPU.ActiveCfg = Debug|Any CPU
		{70CDA402-4204-433A-BD0B-550EECA8FC29}.Debug|Any CPU.Build.0 = Debug|Any CPU
		{70CDA402-4204-433A-BD0B-550EECA8FC29}.Release|Any CPU.ActiveCfg = Release|Any CPU
		{70CDA402-4204-433A-BD0B-550EECA8FC29}.Release|Any CPU.Build.0 = Release|Any CPU
	EndGlobalSection
	GlobalSection(SolutionProperties) = preSolution
		HideSolutionNode = FALSE
	EndGlobalSection
	GlobalSection(ExtensibilityGlobals) = postSolution
		SolutionGuid = {E23896B9-BEBE-4274-B8A2-2E6C79D4DFE7}
	EndGlobalSection
EndGlobal
